
Microsoft Visual Studio Solution File, Format Version 12.00
# Visual Studio 15
VisualStudioVersion = 15.0.27703.2042
MinimumVisualStudioVersion = 10.0.40219.1
Project("{FAE04EC0-301F-11D3-BF4B-00C04F79EFBC}") = "ExemplForm", "ExemplForm\ExemplForm.csproj", "{072D3422-5DC5-4277-B07E-D6FBE6689651}"
EndProject
Project("{FAE04EC0-301F-11D3-BF4B-00C04F79EFBC}") = "Library", "Library\Library.csproj", "{B1CBB66A-B0F1-4ED2-831D-6232265FBDBE}"
EndProject
Global
	GlobalSection(SolutionConfigurationPlatforms) = preSolution
		Debug|Any CPU = Debug|Any CPU
		Release|Any CPU = Release|Any CPU
	EndGlobalSection
	GlobalSection(ProjectConfigurationPlatforms) = postSolution
		{072D3422-5DC5-4277-B07E-D6FBE6689651}.Debug|Any CPU.ActiveCfg = Debug|Any CPU
		{072D3422-5DC5-4277-B07E-D6FBE6689651}.Debug|Any CPU.Build.0 = Debug|Any CPU
		{072D3422-5DC5-4277-B07E-D6FBE6689651}.Release|Any CPU.ActiveCfg = Release|Any CPU
		{072D3422-5DC5-4277-B07E-D6FBE6689651}.Release|Any CPU.Build.0 = Release|Any CPU
		{B1CBB66A-B0F1-4ED2-831D-6232265FBDBE}.Debug|Any CPU.ActiveCfg = Debug|Any CPU
		{B1CBB66A-B0F1-4ED2-831D-6232265FBDBE}.Debug|Any CPU.Build.0 = Debug|Any CPU
		{B1CBB66A-B0F1-4ED2-831D-6232265FBDBE}.Release|Any CPU.ActiveCfg = Release|Any CPU
		{B1CBB66A-B0F1-4ED2-831D-6232265FBDBE}.Release|Any CPU.Build.0 = Release|Any CPU
	EndGlobalSection
	GlobalSection(SolutionProperties) = preSolution
		HideSolutionNode = FALSE
	EndGlobalSection
	GlobalSection(ExtensibilityGlobals) = postSolution
		SolutionGuid = {5E31D256-2026-4EF2-9FEF-CE9890B8AD5E}
	EndGlobalSection
EndGlobal
